
Microsoft Visual Studio Solution File, Format Version 12.00
# Visual Studio 15
VisualStudioVersion = 15.0.28307.106
MinimumVisualStudioVersion = 10.0.40219.1
Project("{FAE04EC0-301F-11D3-BF4B-00C04F79EFBC}") = "Kurs_Project_Final", "Kurs_Projext_Final\Kurs_Project_Final.csproj", "{EAF4D5B2-1365-49EA-9296-06F89956D6C7}"
EndProject
Project("{FAE04EC0-301F-11D3-BF4B-00C04F79EFBC}") = "Kurs_Project_Final_Tests", "Kurs_Project_Final_Tests\Kurs_Project_Final_Tests.csproj", "{8F82A5FC-2FBD-417D-8884-6FCFD330148D}"
EndProject
Global
	GlobalSection(SolutionConfigurationPlatforms) = preSolution
		Debug|Any CPU = Debug|Any CPU
		Release|Any CPU = Release|Any CPU
	EndGlobalSection
	GlobalSection(ProjectConfigurationPlatforms) = postSolution
		{EAF4D5B2-1365-49EA-9296-06F89956D6C7}.Debug|Any CPU.ActiveCfg = Debug|Any CPU
		{EAF4D5B2-1365-49EA-9296-06F89956D6C7}.Debug|Any CPU.Build.0 = Debug|Any CPU
		{EAF4D5B2-1365-49EA-9296-06F89956D6C7}.Release|Any CPU.ActiveCfg = Release|Any CPU
		{EAF4D5B2-1365-49EA-9296-06F89956D6C7}.Release|Any CPU.Build.0 = Release|Any CPU
		{8F82A5FC-2FBD-417D-8884-6FCFD330148D}.Debug|Any CPU.ActiveCfg = Debug|Any CPU
		{8F82A5FC-2FBD-417D-8884-6FCFD330148D}.Debug|Any CPU.Build.0 = Debug|Any CPU
		{8F82A5FC-2FBD-417D-8884-6FCFD330148D}.Release|Any CPU.ActiveCfg = Release|Any CPU
		{8F82A5FC-2FBD-417D-8884-6FCFD330148D}.Release|Any CPU.Build.0 = Release|Any CPU
	EndGlobalSection
	GlobalSection(SolutionProperties) = preSolution
		HideSolutionNode = FALSE
	EndGlobalSection
	GlobalSection(ExtensibilityGlobals) = postSolution
		SolutionGuid = {6E14C12D-95B6-47C8-AF02-C27978186E1C}
	EndGlobalSection
EndGlobal
